
Microsoft Visual Studio Solution File, Format Version 12.00
# Visual Studio Version 16
VisualStudioVersion = 16.0.30114.105
MinimumVisualStudioVersion = 10.0.40219.1
Project("{FAE04EC0-301F-11D3-BF4B-00C04F79EFBC}") = "MVC4.1", "MVC4.1.csproj", "{94057586-1F3D-4F3C-B42B-905A011F1FF6}"
EndProject
Global
	GlobalSection(SolutionConfigurationPlatforms) = preSolution
		Debug|Any CPU = Debug|Any CPU
		Release|Any CPU = Release|Any CPU
	EndGlobalSection
	GlobalSection(ProjectConfigurationPlatforms) = postSolution
		{94057586-1F3D-4F3C-B42B-905A011F1FF6}.Debug|Any CPU.ActiveCfg = Debug|Any CPU
		{94057586-1F3D-4F3C-B42B-905A011F1FF6}.Debug|Any CPU.Build.0 = Debug|Any CPU
		{94057586-1F3D-4F3C-B42B-905A011F1FF6}.Release|Any CPU.ActiveCfg = Release|Any CPU
		{94057586-1F3D-4F3C-B42B-905A011F1FF6}.Release|Any CPU.Build.0 = Release|Any CPU
	EndGlobalSection
	GlobalSection(SolutionProperties) = preSolution
		HideSolutionNode = FALSE
	EndGlobalSection
	GlobalSection(ExtensibilityGlobals) = postSolution
		SolutionGuid = {0CF607CB-C653-412B-8BF8-4D4760EF282B}
	EndGlobalSection
EndGlobal
